
Microsoft Visual Studio Solution File, Format Version 12.00
# Visual Studio Version 16
VisualStudioVersion = 16.0.30717.126
MinimumVisualStudioVersion = 10.0.40219.1
Project("{9A19103F-16F7-4668-BE54-9A1E7A4F7556}") = "01.InitialSetup", "01.InitialSetup\01.InitialSetup.csproj", "{36C88755-202C-4006-A6A7-42B7E7C082DB}"
EndProject
Project("{FAE04EC0-301F-11D3-BF4B-00C04F79EFBC}") = "02.VillainNames", "02.VillainNames\02.VillainNames.csproj", "{1B845A1B-E72C-4065-A4A0-77DA5E636932}"
EndProject
Global
	GlobalSection(SolutionConfigurationPlatforms) = preSolution
		Debug|Any CPU = Debug|Any CPU
		Release|Any CPU = Release|Any CPU
	EndGlobalSection
	GlobalSection(ProjectConfigurationPlatforms) = postSolution
		{36C88755-202C-4006-A6A7-42B7E7C082DB}.Debug|Any CPU.ActiveCfg = Debug|Any CPU
		{36C88755-202C-4006-A6A7-42B7E7C082DB}.Debug|Any CPU.Build.0 = Debug|Any CPU
		{36C88755-202C-4006-A6A7-42B7E7C082DB}.Release|Any CPU.ActiveCfg = Release|Any CPU
		{36C88755-202C-4006-A6A7-42B7E7C082DB}.Release|Any CPU.Build.0 = Release|Any CPU
		{1B845A1B-E72C-4065-A4A0-77DA5E636932}.Debug|Any CPU.ActiveCfg = Debug|Any CPU
		{1B845A1B-E72C-4065-A4A0-77DA5E636932}.Debug|Any CPU.Build.0 = Debug|Any CPU
		{1B845A1B-E72C-4065-A4A0-77DA5E636932}.Release|Any CPU.ActiveCfg = Release|Any CPU
		{1B845A1B-E72C-4065-A4A0-77DA5E636932}.Release|Any CPU.Build.0 = Release|Any CPU
	EndGlobalSection
	GlobalSection(SolutionProperties) = preSolution
		HideSolutionNode = FALSE
	EndGlobalSection
	GlobalSection(ExtensibilityGlobals) = postSolution
		SolutionGuid = {97C2DB71-D134-44F8-B7A6-952F324E3822}
	EndGlobalSection
EndGlobal
